
Microsoft Visual Studio Solution File, Format Version 12.00
# Visual Studio Version 17
VisualStudioVersion = 17.3.32929.385
MinimumVisualStudioVersion = 10.0.40219.1
Project("{FAE04EC0-301F-11D3-BF4B-00C04F79EFBC}") = "LoopExercise", "LoopExercise\LoopExercise.csproj", "{3A6540F0-6515-43D1-A933-3E6E202088EB}"
EndProject
Global
	GlobalSection(SolutionConfigurationPlatforms) = preSolution
		Debug|Any CPU = Debug|Any CPU
		Release|Any CPU = Release|Any CPU
	EndGlobalSection
	GlobalSection(ProjectConfigurationPlatforms) = postSolution
		{3A6540F0-6515-43D1-A933-3E6E202088EB}.Debug|Any CPU.ActiveCfg = Debug|Any CPU
		{3A6540F0-6515-43D1-A933-3E6E202088EB}.Debug|Any CPU.Build.0 = Debug|Any CPU
		{3A6540F0-6515-43D1-A933-3E6E202088EB}.Release|Any CPU.ActiveCfg = Release|Any CPU
		{3A6540F0-6515-43D1-A933-3E6E202088EB}.Release|Any CPU.Build.0 = Release|Any CPU
	EndGlobalSection
	GlobalSection(SolutionProperties) = preSolution
		HideSolutionNode = FALSE
	EndGlobalSection
	GlobalSection(ExtensibilityGlobals) = postSolution
		SolutionGuid = {A6B48C8F-0193-4DCD-A8C6-27DD9A48967B}
	EndGlobalSection
EndGlobal
